
Microsoft Visual Studio Solution File, Format Version 12.00
# Visual Studio Version 17
VisualStudioVersion = 17.4.33205.214
MinimumVisualStudioVersion = 10.0.40219.1
Project("{9A19103F-16F7-4668-BE54-9A1E7A4F7556}") = "Bitjuice.EmberZNet", "Bitjuice.EmberZNet\Bitjuice.EmberZNet.csproj", "{2CFF1FC6-4743-4375-B705-99D34B72F363}"
EndProject
Project("{9A19103F-16F7-4668-BE54-9A1E7A4F7556}") = "Bitjuice.EmberZNet.Ash", "Bitjuice.EmberZNet.Ash\Bitjuice.EmberZNet.Ash.csproj", "{A80A4FA9-AB65-4385-A0CC-9643529D1146}"
EndProject
Project("{9A19103F-16F7-4668-BE54-9A1E7A4F7556}") = "Bitjuice.EmberZNet.Client", "Bitjuice.EmberZNet.Client\Bitjuice.EmberZNet.Client.csproj", "{A4E1A874-C17D-4D0D-95E4-48FC380B4A36}"
EndProject
Global
	GlobalSection(SolutionConfigurationPlatforms) = preSolution
		Debug|Any CPU = Debug|Any CPU
		Release|Any CPU = Release|Any CPU
	EndGlobalSection
	GlobalSection(ProjectConfigurationPlatforms) = postSolution
		{2CFF1FC6-4743-4375-B705-99D34B72F363}.Debug|Any CPU.ActiveCfg = Debug|Any CPU
		{2CFF1FC6-4743-4375-B705-99D34B72F363}.Debug|Any CPU.Build.0 = Debug|Any CPU
		{2CFF1FC6-4743-4375-B705-99D34B72F363}.Release|Any CPU.ActiveCfg = Release|Any CPU
		{2CFF1FC6-4743-4375-B705-99D34B72F363}.Release|Any CPU.Build.0 = Release|Any CPU
		{A80A4FA9-AB65-4385-A0CC-9643529D1146}.Debug|Any CPU.ActiveCfg = Debug|Any CPU
		{A80A4FA9-AB65-4385-A0CC-9643529D1146}.Debug|Any CPU.Build.0 = Debug|Any CPU
		{A80A4FA9-AB65-4385-A0CC-9643529D1146}.Release|Any CPU.ActiveCfg = Release|Any CPU
		{A80A4FA9-AB65-4385-A0CC-9643529D1146}.Release|Any CPU.Build.0 = Release|Any CPU
		{A4E1A874-C17D-4D0D-95E4-48FC380B4A36}.Debug|Any CPU.ActiveCfg = Debug|Any CPU
		{A4E1A874-C17D-4D0D-95E4-48FC380B4A36}.Debug|Any CPU.Build.0 = Debug|Any CPU
		{A4E1A874-C17D-4D0D-95E4-48FC380B4A36}.Release|Any CPU.ActiveCfg = Release|Any CPU
		{A4E1A874-C17D-4D0D-95E4-48FC380B4A36}.Release|Any CPU.Build.0 = Release|Any CPU
	EndGlobalSection
	GlobalSection(SolutionProperties) = preSolution
		HideSolutionNode = FALSE
	EndGlobalSection
	GlobalSection(ExtensibilityGlobals) = postSolution
		SolutionGuid = {A06F417B-F7AD-461A-8709-C08A0FB0E865}
	EndGlobalSection
EndGlobal
